
Microsoft Visual Studio Solution File, Format Version 12.00
# Visual Studio 2017
Project("{FAE04EC0-301F-11D3-BF4B-00C04F79EFBC}") = "Hit them stronger", "Hit them stronger.csproj", "{DB23E14E-0B32-B764-5769-A76844AB1683}"
EndProject
Global
	GlobalSection(SolutionConfigurationPlatforms) = preSolution
		Debug|Any CPU = Debug|Any CPU
		Release|Any CPU = Release|Any CPU
	EndGlobalSection
	GlobalSection(ProjectConfigurationPlatforms) = postSolution
		{DB23E14E-0B32-B764-5769-A76844AB1683}.Debug|Any CPU.ActiveCfg = Debug|Any CPU
		{DB23E14E-0B32-B764-5769-A76844AB1683}.Debug|Any CPU.Build.0 = Debug|Any CPU
		{DB23E14E-0B32-B764-5769-A76844AB1683}.Release|Any CPU.ActiveCfg = Release|Any CPU
		{DB23E14E-0B32-B764-5769-A76844AB1683}.Release|Any CPU.Build.0 = Release|Any CPU
	EndGlobalSection
	GlobalSection(SolutionProperties) = preSolution
		HideSolutionNode = FALSE
	EndGlobalSection
EndGlobal
